
Microsoft Visual Studio Solution File, Format Version 12.00
# Visual Studio Version 17
VisualStudioVersion = 17.6.33829.357
MinimumVisualStudioVersion = 10.0.40219.1
Project("{FAE04EC0-301F-11D3-BF4B-00C04F79EFBC}") = "CrossInformTestEx", "CrossInformTestEx\CrossInformTestEx.csproj", "{FECC8FF7-CC29-455F-A906-6543B77E1A24}"
EndProject
Global
	GlobalSection(SolutionConfigurationPlatforms) = preSolution
		Debug|Any CPU = Debug|Any CPU
		Release|Any CPU = Release|Any CPU
	EndGlobalSection
	GlobalSection(ProjectConfigurationPlatforms) = postSolution
		{FECC8FF7-CC29-455F-A906-6543B77E1A24}.Debug|Any CPU.ActiveCfg = Debug|Any CPU
		{FECC8FF7-CC29-455F-A906-6543B77E1A24}.Debug|Any CPU.Build.0 = Debug|Any CPU
		{FECC8FF7-CC29-455F-A906-6543B77E1A24}.Release|Any CPU.ActiveCfg = Release|Any CPU
		{FECC8FF7-CC29-455F-A906-6543B77E1A24}.Release|Any CPU.Build.0 = Release|Any CPU
	EndGlobalSection
	GlobalSection(SolutionProperties) = preSolution
		HideSolutionNode = FALSE
	EndGlobalSection
	GlobalSection(ExtensibilityGlobals) = postSolution
		SolutionGuid = {BAA423B5-0177-4EDA-96C1-2909E869E265}
	EndGlobalSection
EndGlobal
